
Microsoft Visual Studio Solution File, Format Version 12.00
# Visual Studio Version 17
VisualStudioVersion = 17.14.36310.24
MinimumVisualStudioVersion = 10.0.40219.1
Project("{FAE04EC0-301F-11D3-BF4B-00C04F79EFBC}") = "EmployeeManagementSystemUI", "EmployeeManagementSystemUI\EmployeeManagementSystemUI.csproj", "{DEAB4FBE-5981-4CA8-8CF0-BA7C732E91F2}"
EndProject
Project("{FAE04EC0-301F-11D3-BF4B-00C04F79EFBC}") = "EmployeeManagementSystemAPI", "EmployeeManagementSystemAPI\EmployeeManagementSystemAPI.csproj", "{01067AB8-60D0-4AF7-94EA-1BE94B6D8434}"
EndProject
Global
	GlobalSection(SolutionConfigurationPlatforms) = preSolution
		Debug|Any CPU = Debug|Any CPU
		Release|Any CPU = Release|Any CPU
	EndGlobalSection
	GlobalSection(ProjectConfigurationPlatforms) = postSolution
		{DEAB4FBE-5981-4CA8-8CF0-BA7C732E91F2}.Debug|Any CPU.ActiveCfg = Debug|Any CPU
		{DEAB4FBE-5981-4CA8-8CF0-BA7C732E91F2}.Debug|Any CPU.Build.0 = Debug|Any CPU
		{DEAB4FBE-5981-4CA8-8CF0-BA7C732E91F2}.Release|Any CPU.ActiveCfg = Release|Any CPU
		{DEAB4FBE-5981-4CA8-8CF0-BA7C732E91F2}.Release|Any CPU.Build.0 = Release|Any CPU
		{01067AB8-60D0-4AF7-94EA-1BE94B6D8434}.Debug|Any CPU.ActiveCfg = Debug|Any CPU
		{01067AB8-60D0-4AF7-94EA-1BE94B6D8434}.Debug|Any CPU.Build.0 = Debug|Any CPU
		{01067AB8-60D0-4AF7-94EA-1BE94B6D8434}.Release|Any CPU.ActiveCfg = Release|Any CPU
		{01067AB8-60D0-4AF7-94EA-1BE94B6D8434}.Release|Any CPU.Build.0 = Release|Any CPU
	EndGlobalSection
	GlobalSection(SolutionProperties) = preSolution
		HideSolutionNode = FALSE
	EndGlobalSection
	GlobalSection(ExtensibilityGlobals) = postSolution
		SolutionGuid = {75BB6024-F711-45A8-9502-70D105FE0D52}
	EndGlobalSection
EndGlobal
